# THIS IS AN AUTOGENERATED FILE. DO NOT EDIT THIS FILE DIRECTLY.
# yarn lockfile v1


codyhouse-framework@^2.1.6:
  version "2.1.6"
  resolved "https://registry.yarnpkg.com/codyhouse-framework/-/codyhouse-framework-2.1.6.tgz#dbc9e83c56bc472a4615d635e35e1ae75d556432"
  integrity sha512-5rT7H9jvQ9/ohrBuiEU2MnZanioxMPq2bM+sOfRD+WBtdxORPSuQWp3HBJAn4Nv/HBSTk5k2wHl4z5nLyHN0IA==
